
Microsoft Visual Studio Solution File, Format Version 12.00
# Visual Studio Version 17
VisualStudioVersion = 17.8.34004.107
MinimumVisualStudioVersion = 10.0.40219.1
Project("{9A19103F-16F7-4668-BE54-9A1E7A4F7556}") = "BulkyWeb", "BulkyWeb\BulkyWeb.csproj", "{57E3B73B-6FE9-42F2-8863-D0EAB7AEE889}"
EndProject
Project("{FAE04EC0-301F-11D3-BF4B-00C04F79EFBC}") = "Bulky.DataAccess", "Bulky.DataAccess\Bulky.DataAccess.csproj", "{89E69A6B-7158-49F3-9877-04832DAFE099}"
EndProject
Project("{FAE04EC0-301F-11D3-BF4B-00C04F79EFBC}") = "Bulky.Models", "Bulky.Models\Bulky.Models.csproj", "{C7202569-132A-44CD-B424-37E69AA9F380}"
EndProject
Project("{FAE04EC0-301F-11D3-BF4B-00C04F79EFBC}") = "Bulky.Utility", "Bulky.Utility\Bulky.Utility.csproj", "{F48F282A-73ED-40B0-8565-DD4A22982251}"
EndProject
Global
	GlobalSection(SolutionConfigurationPlatforms) = preSolution
		Debug|Any CPU = Debug|Any CPU
		Release|Any CPU = Release|Any CPU
	EndGlobalSection
	GlobalSection(ProjectConfigurationPlatforms) = postSolution
		{57E3B73B-6FE9-42F2-8863-D0EAB7AEE889}.Debug|Any CPU.ActiveCfg = Debug|Any CPU
		{57E3B73B-6FE9-42F2-8863-D0EAB7AEE889}.Debug|Any CPU.Build.0 = Debug|Any CPU
		{57E3B73B-6FE9-42F2-8863-D0EAB7AEE889}.Release|Any CPU.ActiveCfg = Release|Any CPU
		{57E3B73B-6FE9-42F2-8863-D0EAB7AEE889}.Release|Any CPU.Build.0 = Release|Any CPU
		{89E69A6B-7158-49F3-9877-04832DAFE099}.Debug|Any CPU.ActiveCfg = Debug|Any CPU
		{89E69A6B-7158-49F3-9877-04832DAFE099}.Debug|Any CPU.Build.0 = Debug|Any CPU
		{89E69A6B-7158-49F3-9877-04832DAFE099}.Release|Any CPU.ActiveCfg = Release|Any CPU
		{89E69A6B-7158-49F3-9877-04832DAFE099}.Release|Any CPU.Build.0 = Release|Any CPU
		{C7202569-132A-44CD-B424-37E69AA9F380}.Debug|Any CPU.ActiveCfg = Debug|Any CPU
		{C7202569-132A-44CD-B424-37E69AA9F380}.Debug|Any CPU.Build.0 = Debug|Any CPU
		{C7202569-132A-44CD-B424-37E69AA9F380}.Release|Any CPU.ActiveCfg = Release|Any CPU
		{C7202569-132A-44CD-B424-37E69AA9F380}.Release|Any CPU.Build.0 = Release|Any CPU
		{F48F282A-73ED-40B0-8565-DD4A22982251}.Debug|Any CPU.ActiveCfg = Debug|Any CPU
		{F48F282A-73ED-40B0-8565-DD4A22982251}.Debug|Any CPU.Build.0 = Debug|Any CPU
		{F48F282A-73ED-40B0-8565-DD4A22982251}.Release|Any CPU.ActiveCfg = Release|Any CPU
		{F48F282A-73ED-40B0-8565-DD4A22982251}.Release|Any CPU.Build.0 = Release|Any CPU
	EndGlobalSection
	GlobalSection(SolutionProperties) = preSolution
		HideSolutionNode = FALSE
	EndGlobalSection
	GlobalSection(ExtensibilityGlobals) = postSolution
		SolutionGuid = {53062E82-212D-47B2-81D6-612B2055BBE1}
	EndGlobalSection
EndGlobal
